
Microsoft Visual Studio Solution File, Format Version 12.00
# Visual Studio 15
VisualStudioVersion = 15.0.28307.852
MinimumVisualStudioVersion = 10.0.40219.1
Project("{FAE04EC0-301F-11D3-BF4B-00C04F79EFBC}") = "AB.QuartzAdmin.WebApi", "AB.QuartzAdmin.WebApi\AB.QuartzAdmin.WebApi.csproj", "{FB79B9BC-59C2-45ED-AF18-A9DB09900FF6}"
EndProject
Global
	GlobalSection(SolutionConfigurationPlatforms) = preSolution
		Debug|Any CPU = Debug|Any CPU
		Release|Any CPU = Release|Any CPU
	EndGlobalSection
	GlobalSection(ProjectConfigurationPlatforms) = postSolution
		{FB79B9BC-59C2-45ED-AF18-A9DB09900FF6}.Debug|Any CPU.ActiveCfg = Debug|Any CPU
		{FB79B9BC-59C2-45ED-AF18-A9DB09900FF6}.Debug|Any CPU.Build.0 = Debug|Any CPU
		{FB79B9BC-59C2-45ED-AF18-A9DB09900FF6}.Release|Any CPU.ActiveCfg = Release|Any CPU
		{FB79B9BC-59C2-45ED-AF18-A9DB09900FF6}.Release|Any CPU.Build.0 = Release|Any CPU
	EndGlobalSection
	GlobalSection(SolutionProperties) = preSolution
		HideSolutionNode = FALSE
	EndGlobalSection
	GlobalSection(ExtensibilityGlobals) = postSolution
		SolutionGuid = {EA3C6C7C-9128-44F8-B0A3-44AD2E55880B}
	EndGlobalSection
EndGlobal
